lockfileVersion: 5.4

specifiers:
  '@types/body-parser': ^1.19.2
  '@types/express': ^4.17.14
  '@types/lodash': ^4.14.186
  '@types/node': ^18.8.4
  axios: 0.21.1
  body-parser: ^1.20.1
  dotenv: ^16.0.3
  express: ^4.18.2
  fast-xml-parser: ^4.0.11
  lodash: ^4.17.21
  prettier: ^2.7.1
  tracer: ^1.1.6
  typescript: ^4.8.4

dependencies:
  axios: registry.npmmirror.com/axios/0.21.1
  body-parser: registry.npmmirror.com/body-parser/1.20.1
  dotenv: registry.npmmirror.com/dotenv/16.0.3
  express: registry.npmmirror.com/express/4.18.2
  fast-xml-parser: registry.npmmirror.com/fast-xml-parser/4.0.11
  lodash: 4.17.21
  tracer: registry.npmmirror.com/tracer/1.1.6

devDependencies:
  '@types/body-parser': registry.npmmirror.com/@types/body-parser/1.19.2
  '@types/express': registry.npmmirror.com/@types/express/4.17.14
  '@types/lodash': 4.14.186
  '@types/node': registry.npmmirror.com/@types/node/18.8.4
  prettier: registry.npmmirror.com/prettier/2.7.1
  typescript: registry.npmmirror.com/typescript/4.8.4

packages:

  /@types/lodash/4.14.186:
    resolution: {integrity: sha512-eHcVlLXP0c2FlMPm56ITode2AgLMSa6aJ05JTTbYbI+7EMkCEE5qk2E41d5g2lCVTqRe0GnnRFurmlCsDODrPw==}
    dev: true

  /lodash/4.17.21:
    resolution: {integrity: sha512-v2kDEe57lecTulaDIuNTPy3Ry4gLGJ6Z1O3vE1krgXZNrsQ+LFTGHVxVjcXPs17LhbZVGedAJv8XZ1tvj5FvSg==}
    dev: false

  registry.npmmirror.com/@types/body-parser/1.19.2:
    resolution: {integrity: sha512-ALYone6pm6QmwZoAgeyNksccT9Q4AWZQ6PvfwR37GT6r6FWUPguq6sUmNGSMV2Wr761oQoBxwGGa6DR5o1DC9g==, registry: https://packages.aliyun.com/6065355e32fceefde379c17e/npm/npm-registry/, tarball: https://registry.npmmirror.com/@types/body-parser/-/body-parser-1.19.2.tgz}
    name: '@types/body-parser'
    version: 1.19.2
    dependencies:
      '@types/connect': registry.npmmirror.com/@types/connect/3.4.35
      '@types/node': registry.npmmirror.com/@types/node/18.8.4
    dev: true

  registry.npmmirror.com/@types/connect/3.4.35:
    resolution: {integrity: sha512-cdeYyv4KWoEgpBISTxWvqYsVy444DOqehiF3fM3ne10AmJ62RSyNkUnxMJXHQWRQQX2eR94m5y1IZyDwBjV9FQ==, registry: https://packages.aliyun.com/6065355e32fceefde379c17e/npm/npm-registry/, tarball: https://registry.npmmirror.com/@types/connect/-/connect-3.4.35.tgz}
    name: '@types/connect'
    version: 3.4.35
    dependencies:
      '@types/node': registry.npmmirror.com/@types/node/18.8.4
    dev: true

  registry.npmmirror.com/@types/express-serve-static-core/4.17.31:
    resolution: {integrity: sha512-DxMhY+NAsTwMMFHBTtJFNp5qiHKJ7TeqOo23zVEM9alT1Ml27Q3xcTH0xwxn7Q0BbMcVEJOs/7aQtUWupUQN3Q==, registry: https://packages.aliyun.com/6065355e32fceefde379c17e/npm/npm-registry/, tarball: https://registry.npmmirror.com/@types/express-serve-static-core/-/express-serve-static-core-4.17.31.tgz}
    name: '@types/express-serve-static-core'
    version: 4.17.31
    dependencies:
      '@types/node': registry.npmmirror.com/@types/node/18.8.4
      '@types/qs': registry.npmmirror.com/@types/qs/6.9.7
      '@types/range-parser': registry.npmmirror.com/@types/range-parser/1.2.4
    dev: true

  registry.npmmirror.com/@types/express/4.17.14:
    resolution: {integrity: sha512-TEbt+vaPFQ+xpxFLFssxUDXj5cWCxZJjIcB7Yg0k0GMHGtgtQgpvx/MUQUeAkNbA9AAGrwkAsoeItdTgS7FMyg==, registry: https://packages.aliyun.com/6065355e32fceefde379c17e/npm/npm-registry/, tarball: https://registry.npmmirror.com/@types/express/-/express-4.17.14.tgz}
    name: '@types/express'
    version: 4.17.14
    dependencies:
      '@types/body-parser': registry.npmmirror.com/@types/body-parser/1.19.2
      '@types/express-serve-static-core': registry.npmmirror.com/@types/express-serve-static-core/4.17.31
      '@types/qs': registry.npmmirror.com/@types/qs/6.9.7
      '@types/serve-static': registry.npmmirror.com/@types/serve-static/1.15.0
    dev: true

  registry.npmmirror.com/@types/mime/3.0.1:
    resolution: {integrity: sha512-Y4XFY5VJAuw0FgAqPNd6NNoV44jbq9Bz2L7Rh/J6jLTiHBSBJa9fxqQIvkIld4GsoDOcCbvzOUAbLPsSKKg+uA==, registry: https://packages.aliyun.com/6065355e32fceefde379c17e/npm/npm-registry/, tarball: https://registry.npmmirror.com/@types/mime/-/mime-3.0.1.tgz}
    name: '@types/mime'
    version: 3.0.1
    dev: true

  registry.npmmirror.com/@types/node/18.8.4:
    resolution: {integrity: sha512-WdlVphvfR/GJCLEMbNA8lJ0lhFNBj4SW3O+O5/cEGw9oYrv0al9zTwuQsq+myDUXgNx2jgBynoVgZ2MMJ6pbow==, registry: https://packages.aliyun.com/6065355e32fceefde379c17e/npm/npm-registry/, tarball: https://registry.npmmirror.com/@types/node/-/node-18.8.4.tgz}
    name: '@types/node'
    version: 18.8.4
    dev: true

  registry.npmmirror.com/@types/qs/6.9.7:
    resolution: {integrity: sha512-FGa1F62FT09qcrueBA6qYTrJPVDzah9a+493+o2PCXsesWHIn27G98TsSMs3WPNbZIEj4+VJf6saSFpvD+3Zsw==, registry: https://packages.aliyun.com/6065355e32fceefde379c17e/npm/npm-registry/, tarball: https://registry.npmmirror.com/@types/qs/-/qs-6.9.7.tgz}
    name: '@types/qs'
    version: 6.9.7
    dev: true

  registry.npmmirror.com/@types/range-parser/1.2.4:
    resolution: {integrity: sha512-EEhsLsD6UsDM1yFhAvy0Cjr6VwmpMWqFBCb9w07wVugF7w9nfajxLuVmngTIpgS6svCnm6Vaw+MZhoDCKnOfsw==, registry: https://packages.aliyun.com/6065355e32fceefde379c17e/npm/npm-registry/, tarball: https://registry.npmmirror.com/@types/range-parser/-/range-parser-1.2.4.tgz}
    name: '@types/range-parser'
    version: 1.2.4
    dev: true

  registry.npmmirror.com/@types/serve-static/1.15.0:
    resolution: {integrity: sha512-z5xyF6uh8CbjAu9760KDKsH2FcDxZ2tFCsA4HIMWE6IkiYMXfVoa+4f9KX+FN0ZLsaMw1WNG2ETLA6N+/YA+cg==, registry: https://packages.aliyun.com/6065355e32fceefde379c17e/npm/npm-registry/, tarball: https://registry.npmmirror.com/@types/serve-static/-/serve-static-1.15.0.tgz}
    name: '@types/serve-static'
    version: 1.15.0
    dependencies:
      '@types/mime': registry.npmmirror.com/@types/mime/3.0.1
      '@types/node': registry.npmmirror.com/@types/node/18.8.4
    dev: true

  registry.npmmirror.com/accepts/1.3.8:
    resolution: {integrity: sha512-PYAthTa2m2VKxuvSD3DPC/Gy+U+sOA1LAuT8mkmRuvw+NACSaeXEQ+NHcVF7rONl6qcaxV3Uuemwawk+7+SJLw==, registry: https://packages.aliyun.com/6065355e32fceefde379c17e/npm/npm-registry/, tarball: https://registry.npmmirror.com/accepts/-/accepts-1.3.8.tgz}
    name: accepts
    version: 1.3.8
    engines: {node: '>= 0.6'}
    dependencies:
      mime-types: registry.npmmirror.com/mime-types/2.1.35
      negotiator: registry.npmmirror.com/negotiator/0.6.3
    dev: false

  registry.npmmirror.com/array-flatten/1.1.1:
    resolution: {integrity: sha512-PCVAQswWemu6UdxsDFFX/+gVeYqKAod3D3UVm91jHwynguOwAvYPhx8nNlM++NqRcK6CxxpUafjmhIdKiHibqg==, registry: https://packages.aliyun.com/6065355e32fceefde379c17e/npm/npm-registry/, tarball: https://registry.npmmirror.com/array-flatten/-/array-flatten-1.1.1.tgz}
    name: array-flatten
    version: 1.1.1
    dev: false

  registry.npmmirror.com/axios/0.21.1:
    resolution: {integrity: sha512-dKQiRHxGD9PPRIUNIWvZhPTPpl1rf/OxTYKsqKUDjBwYylTvV7SjSHJb9ratfyzM6wCdLCOYLzs73qpg5c4iGA==, registry: https://packages.aliyun.com/6065355e32fceefde379c17e/npm/npm-registry/, tarball: https://registry.npmmirror.com/axios/-/axios-0.21.1.tgz}
    name: axios
    version: 0.21.1
    dependencies:
      follow-redirects: registry.npmmirror.com/follow-redirects/1.15.2
    transitivePeerDependencies:
      - debug
    dev: false

  registry.npmmirror.com/body-parser/1.20.1:
    resolution: {integrity: sha512-jWi7abTbYwajOytWCQc37VulmWiRae5RyTpaCyDcS5/lMdtwSz5lOpDE67srw/HYe35f1z3fDQw+3txg7gNtWw==, registry: https://packages.aliyun.com/6065355e32fceefde379c17e/npm/npm-registry/, tarball: https://registry.npmmirror.com/body-parser/-/body-parser-1.20.1.tgz}
    name: body-parser
    version: 1.20.1
    engines: {node: '>= 0.8', npm: 1.2.8000 || >= 1.4.16}
    dependencies:
      bytes: registry.npmmirror.com/bytes/3.1.2
      content-type: registry.npmmirror.com/content-type/1.0.4
      debug: registry.npmmirror.com/debug/2.6.9
      depd: registry.npmmirror.com/depd/2.0.0
      destroy: registry.npmmirror.com/destroy/1.2.0
      http-errors: registry.npmmirror.com/http-errors/2.0.0
      iconv-lite: registry.npmmirror.com/iconv-lite/0.4.24
      on-finished: registry.npmmirror.com/on-finished/2.4.1
      qs: registry.npmmirror.com/qs/6.11.0
      raw-body: registry.npmmirror.com/raw-body/2.5.1
      type-is: registry.npmmirror.com/type-is/1.6.18
      unpipe: registry.npmmirror.com/unpipe/1.0.0
    transitivePeerDependencies:
      - supports-color
    dev: false

  registry.npmmirror.com/bytes/3.1.2:
    resolution: {integrity: sha512-/Nf7TyzTx6S3yRJObOAV7956r8cr2+Oj8AC5dt8wSP3BQAoeX58NoHyCU8P8zGkNXStjTSi6fzO6F0pBdcYbEg==, registry: https://packages.aliyun.com/6065355e32fceefde379c17e/npm/npm-registry/, tarball: https://registry.npmmirror.com/bytes/-/bytes-3.1.2.tgz}
    name: bytes
    version: 3.1.2
    engines: {node: '>= 0.8'}
    dev: false

  registry.npmmirror.com/call-bind/1.0.2:
    resolution: {integrity: sha512-7O+FbCihrB5WGbFYesctwmTKae6rOiIzmz1icreWJ+0aA7LJfuqhEso2T9ncpcFtzMQtzXf2QGGueWJGTYsqrA==, registry: https://packages.aliyun.com/6065355e32fceefde379c17e/npm/npm-registry/, tarball: https://registry.npmmirror.com/call-bind/-/call-bind-1.0.2.tgz}
    name: call-bind
    version: 1.0.2
    dependencies:
      function-bind: registry.npmmirror.com/function-bind/1.1.1
      get-intrinsic: registry.npmmirror.com/get-intrinsic/1.1.3
    dev: false

  registry.npmmirror.com/colors/1.4.0:
    resolution: {integrity: sha512-a+UqTh4kgZg/SlGvfbzDHpgRu7AAQOmmqRHJnxhRZICKFUT91brVhNNt58CMWU9PsBbv3PDCZUHbVxuDiH2mtA==, registry: https://packages.aliyun.com/6065355e32fceefde379c17e/npm/npm-registry/, tarball: https://registry.npmmirror.com/colors/-/colors-1.4.0.tgz}
    name: colors
    version: 1.4.0
    engines: {node: '>=0.1.90'}
    dev: false

  registry.npmmirror.com/content-disposition/0.5.4:
    resolution: {integrity: sha512-FveZTNuGw04cxlAiWbzi6zTAL/lhehaWbTtgluJh4/E95DqMwTmha3KZN1aAWA8cFIhHzMZUvLevkw5Rqk+tSQ==, registry: https://packages.aliyun.com/6065355e32fceefde379c17e/npm/npm-registry/, tarball: https://registry.npmmirror.com/content-disposition/-/content-disposition-0.5.4.tgz}
    name: content-disposition
    version: 0.5.4
    engines: {node: '>= 0.6'}
    dependencies:
      safe-buffer: registry.npmmirror.com/safe-buffer/5.2.1
    dev: false

  registry.npmmirror.com/content-type/1.0.4:
    resolution: {integrity: sha512-hIP3EEPs8tB9AT1L+NUqtwOAps4mk2Zob89MWXMHjHWg9milF/j4osnnQLXBCBFBk/tvIG/tUc9mOUJiPBhPXA==, registry: https://packages.aliyun.com/6065355e32fceefde379c17e/npm/npm-registry/, tarball: https://registry.npmmirror.com/content-type/-/content-type-1.0.4.tgz}
    name: content-type
    version: 1.0.4
    engines: {node: '>= 0.6'}
    dev: false

  registry.npmmirror.com/cookie-signature/1.0.6:
    resolution: {integrity: sha512-QADzlaHc8icV8I7vbaJXJwod9HWYp8uCqf1xa4OfNu1T7JVxQIrUgOWtHdNDtPiywmFbiS12VjotIXLrKM3orQ==, registry: https://packages.aliyun.com/6065355e32fceefde379c17e/npm/npm-registry/, tarball: https://registry.npmmirror.com/cookie-signature/-/cookie-signature-1.0.6.tgz}
    name: cookie-signature
    version: 1.0.6
    dev: false

  registry.npmmirror.com/cookie/0.5.0:
    resolution: {integrity: sha512-YZ3GUyn/o8gfKJlnlX7g7xq4gyO6OSuhGPKaaGssGB2qgDUS0gPgtTvoyZLTt9Ab6dC4hfc9dV5arkvc/OCmrw==, registry: https://packages.aliyun.com/6065355e32fceefde379c17e/npm/npm-registry/, tarball: https://registry.npmmirror.com/cookie/-/cookie-0.5.0.tgz}
    name: cookie
    version: 0.5.0
    engines: {node: '>= 0.6'}
    dev: false

  registry.npmmirror.com/dateformat/4.5.1:
    resolution: {integrity: sha512-OD0TZ+B7yP7ZgpJf5K2DIbj3FZvFvxgFUuaqA/V5zTjAtAAXZ1E8bktHxmAGs4x5b7PflqA9LeQ84Og7wYtF7Q==, registry: https://packages.aliyun.com/6065355e32fceefde379c17e/npm/npm-registry/, tarball: https://registry.npmmirror.com/dateformat/-/dateformat-4.5.1.tgz}
    name: dateformat
    version: 4.5.1
    dev: false

  registry.npmmirror.com/debug/2.6.9:
    resolution: {integrity: sha512-bC7ElrdJaJnPbAP+1EotYvqZsb3ecl5wi6Bfi6BJTUcNowp6cvspg0jXznRTKDjm/E7AdgFBVeAPVMNcKGsHMA==, registry: https://packages.aliyun.com/6065355e32fceefde379c17e/npm/npm-registry/, tarball: https://registry.npmmirror.com/debug/-/debug-2.6.9.tgz}
    name: debug
    version: 2.6.9
    peerDependencies:
      supports-color: '*'
    peerDependenciesMeta:
      supports-color:
        optional: true
    dependencies:
      ms: registry.npmmirror.com/ms/2.0.0
    dev: false

  registry.npmmirror.com/depd/2.0.0:
    resolution: {integrity: sha512-g7nH6P6dyDioJogAAGprGpCtVImJhpPk/roCzdb3fIh61/s/nPsfR6onyMwkCAR/OlC3yBC0lESvUoQEAssIrw==, registry: https://packages.aliyun.com/6065355e32fceefde379c17e/npm/npm-registry/, tarball: https://registry.npmmirror.com/depd/-/depd-2.0.0.tgz}
    name: depd
    version: 2.0.0
    engines: {node: '>= 0.8'}
    dev: false

  registry.npmmirror.com/destroy/1.2.0:
    resolution: {integrity: sha512-2sJGJTaXIIaR1w4iJSNoN0hnMY7Gpc/n8D4qSCJw8QqFWXf7cuAgnEHxBpweaVcPevC2l3KpjYCx3NypQQgaJg==, registry: https://packages.aliyun.com/6065355e32fceefde379c17e/npm/npm-registry/, tarball: https://registry.npmmirror.com/destroy/-/destroy-1.2.0.tgz}
    name: destroy
    version: 1.2.0
    engines: {node: '>= 0.8', npm: 1.2.8000 || >= 1.4.16}
    dev: false

  registry.npmmirror.com/dotenv/16.0.3:
    resolution: {integrity: sha512-7GO6HghkA5fYG9TYnNxi14/7K9f5occMlp3zXAuSxn7CKCxt9xbNWG7yF8hTCSUchlfWSe3uLmlPfigevRItzQ==, registry: https://packages.aliyun.com/6065355e32fceefde379c17e/npm/npm-registry/, tarball: https://registry.npmmirror.com/dotenv/-/dotenv-16.0.3.tgz}
    name: dotenv
    version: 16.0.3
    engines: {node: '>=12'}
    dev: false

  registry.npmmirror.com/ee-first/1.1.1:
    resolution: {integrity: sha512-WMwm9LhRUo+WUaRN+vRuETqG89IgZphVSNkdFgeb6sS/E4OrDIN7t48CAewSHXc6C8lefD8KKfr5vY61brQlow==, registry: https://packages.aliyun.com/6065355e32fceefde379c17e/npm/npm-registry/, tarball: https://registry.npmmirror.com/ee-first/-/ee-first-1.1.1.tgz}
    name: ee-first
    version: 1.1.1
    dev: false

  registry.npmmirror.com/encodeurl/1.0.2:
    resolution: {integrity: sha512-TPJXq8JqFaVYm2CWmPvnP2Iyo4ZSM7/QKcSmuMLDObfpH5fi7RUGmd/rTDf+rut/saiDiQEeVTNgAmJEdAOx0w==, registry: https://packages.aliyun.com/6065355e32fceefde379c17e/npm/npm-registry/, tarball: https://registry.npmmirror.com/encodeurl/-/encodeurl-1.0.2.tgz}
    name: encodeurl
    version: 1.0.2
    engines: {node: '>= 0.8'}
    dev: false

  registry.npmmirror.com/escape-html/1.0.3:
    resolution: {integrity: sha512-NiSupZ4OeuGwr68lGIeym/ksIZMJodUGOSCZ/FSnTxcrekbvqrgdUxlJOMpijaKZVjAJrWrGs/6Jy8OMuyj9ow==, registry: https://packages.aliyun.com/6065355e32fceefde379c17e/npm/npm-registry/, tarball: https://registry.npmmirror.com/escape-html/-/escape-html-1.0.3.tgz}
    name: escape-html
    version: 1.0.3
    dev: false

  registry.npmmirror.com/etag/1.8.1:
    resolution: {integrity: sha512-aIL5Fx7mawVa300al2BnEE4iNvo1qETxLrPI/o05L7z6go7fCw1J6EQmbK4FmJ2AS7kgVF/KEZWufBfdClMcPg==, registry: https://packages.aliyun.com/6065355e32fceefde379c17e/npm/npm-registry/, tarball: https://registry.npmmirror.com/etag/-/etag-1.8.1.tgz}
    name: etag
    version: 1.8.1
    engines: {node: '>= 0.6'}
    dev: false

  registry.npmmirror.com/express/4.18.2:
    resolution: {integrity: sha512-5/PsL6iGPdfQ/lKM1UuielYgv3BUoJfz1aUwU9vHZ+J7gyvwdQXFEBIEIaxeGf0GIcreATNyBExtalisDbuMqQ==, registry: https://packages.aliyun.com/6065355e32fceefde379c17e/npm/npm-registry/, tarball: https://registry.npmmirror.com/express/-/express-4.18.2.tgz}
    name: express
    version: 4.18.2
    engines: {node: '>= 0.10.0'}
    dependencies:
      accepts: registry.npmmirror.com/accepts/1.3.8
      array-flatten: registry.npmmirror.com/array-flatten/1.1.1
      body-parser: registry.npmmirror.com/body-parser/1.20.1
      content-disposition: registry.npmmirror.com/content-disposition/0.5.4
      content-type: registry.npmmirror.com/content-type/1.0.4
      cookie: registry.npmmirror.com/cookie/0.5.0
      cookie-signature: registry.npmmirror.com/cookie-signature/1.0.6
      debug: registry.npmmirror.com/debug/2.6.9
      depd: registry.npmmirror.com/depd/2.0.0
      encodeurl: registry.npmmirror.com/encodeurl/1.0.2
      escape-html: registry.npmmirror.com/escape-html/1.0.3
      etag: registry.npmmirror.com/etag/1.8.1
      finalhandler: registry.npmmirror.com/finalhandler/1.2.0
      fresh: registry.npmmirror.com/fresh/0.5.2
      http-errors: registry.npmmirror.com/http-errors/2.0.0
      merge-descriptors: registry.npmmirror.com/merge-descriptors/1.0.1
      methods: registry.npmmirror.com/methods/1.1.2
      on-finished: registry.npmmirror.com/on-finished/2.4.1
      parseurl: registry.npmmirror.com/parseurl/1.3.3
      path-to-regexp: registry.npmmirror.com/path-to-regexp/0.1.7
      proxy-addr: registry.npmmirror.com/proxy-addr/2.0.7
      qs: registry.npmmirror.com/qs/6.11.0
      range-parser: registry.npmmirror.com/range-parser/1.2.1
      safe-buffer: registry.npmmirror.com/safe-buffer/5.2.1
      send: registry.npmmirror.com/send/0.18.0
      serve-static: registry.npmmirror.com/serve-static/1.15.0
      setprototypeof: registry.npmmirror.com/setprototypeof/1.2.0
      statuses: registry.npmmirror.com/statuses/2.0.1
      type-is: registry.npmmirror.com/type-is/1.6.18
      utils-merge: registry.npmmirror.com/utils-merge/1.0.1
      vary: registry.npmmirror.com/vary/1.1.2
    transitivePeerDependencies:
      - supports-color
    dev: false

  registry.npmmirror.com/fast-xml-parser/4.0.11:
    resolution: {integrity: sha512-4aUg3aNRR/WjQAcpceODG1C3x3lFANXRo8+1biqfieHmg9pyMt7qB4lQV/Ta6sJCTbA5vfD8fnA8S54JATiFUA==, registry: https://packages.aliyun.com/6065355e32fceefde379c17e/npm/npm-registry/, tarball: https://registry.npmmirror.com/fast-xml-parser/-/fast-xml-parser-4.0.11.tgz}
    name: fast-xml-parser
    version: 4.0.11
    hasBin: true
    dependencies:
      strnum: registry.npmmirror.com/strnum/1.0.5
    dev: false

  registry.npmmirror.com/finalhandler/1.2.0:
    resolution: {integrity: sha512-5uXcUVftlQMFnWC9qu/svkWv3GTd2PfUhK/3PLkYNAe7FbqJMt3515HaxE6eRL74GdsriiwujiawdaB1BpEISg==, registry: https://packages.aliyun.com/6065355e32fceefde379c17e/npm/npm-registry/, tarball: https://registry.npmmirror.com/finalhandler/-/finalhandler-1.2.0.tgz}
    name: finalhandler
    version: 1.2.0
    engines: {node: '>= 0.8'}
    dependencies:
      debug: registry.npmmirror.com/debug/2.6.9
      encodeurl: registry.npmmirror.com/encodeurl/1.0.2
      escape-html: registry.npmmirror.com/escape-html/1.0.3
      on-finished: registry.npmmirror.com/on-finished/2.4.1
      parseurl: registry.npmmirror.com/parseurl/1.3.3
      statuses: registry.npmmirror.com/statuses/2.0.1
      unpipe: registry.npmmirror.com/unpipe/1.0.0
    transitivePeerDependencies:
      - supports-color
    dev: false

  registry.npmmirror.com/follow-redirects/1.15.2:
    resolution: {integrity: sha512-VQLG33o04KaQ8uYi2tVNbdrWp1QWxNNea+nmIB4EVM28v0hmP17z7aG1+wAkNzVq4KeXTq3221ye5qTJP91JwA==, registry: https://packages.aliyun.com/6065355e32fceefde379c17e/npm/npm-registry/, tarball: https://registry.npmmirror.com/follow-redirects/-/follow-redirects-1.15.2.tgz}
    name: follow-redirects
    version: 1.15.2
    engines: {node: '>=4.0'}
    peerDependencies:
      debug: '*'
    peerDependenciesMeta:
      debug:
        optional: true
    dev: false

  registry.npmmirror.com/forwarded/0.2.0:
    resolution: {integrity: sha512-buRG0fpBtRHSTCOASe6hD258tEubFoRLb4ZNA6NxMVHNw2gOcwHo9wyablzMzOA5z9xA9L1KNjk/Nt6MT9aYow==, registry: https://packages.aliyun.com/6065355e32fceefde379c17e/npm/npm-registry/, tarball: https://registry.npmmirror.com/forwarded/-/forwarded-0.2.0.tgz}
    name: forwarded
    version: 0.2.0
    engines: {node: '>= 0.6'}
    dev: false

  registry.npmmirror.com/fresh/0.5.2:
    resolution: {integrity: sha512-zJ2mQYM18rEFOudeV4GShTGIQ7RbzA7ozbU9I/XBpm7kqgMywgmylMwXHxZJmkVoYkna9d2pVXVXPdYTP9ej8Q==, registry: https://packages.aliyun.com/6065355e32fceefde379c17e/npm/npm-registry/, tarball: https://registry.npmmirror.com/fresh/-/fresh-0.5.2.tgz}
    name: fresh
    version: 0.5.2
    engines: {node: '>= 0.6'}
    dev: false

  registry.npmmirror.com/function-bind/1.1.1:
    resolution: {integrity: sha512-yIovAzMX49sF8Yl58fSCWJ5svSLuaibPxXQJFLmBObTuCr0Mf1KiPopGM9NiFjiYBCbfaa2Fh6breQ6ANVTI0A==, registry: https://packages.aliyun.com/6065355e32fceefde379c17e/npm/npm-registry/, tarball: https://registry.npmmirror.com/function-bind/-/function-bind-1.1.1.tgz}
    name: function-bind
    version: 1.1.1
    dev: false

  registry.npmmirror.com/get-intrinsic/1.1.3:
    resolution: {integrity: sha512-QJVz1Tj7MS099PevUG5jvnt9tSkXN8K14dxQlikJuPt4uD9hHAHjLyLBiLR5zELelBdD9QNRAXZzsJx0WaDL9A==, registry: https://packages.aliyun.com/6065355e32fceefde379c17e/npm/npm-registry/, tarball: https://registry.npmmirror.com/get-intrinsic/-/get-intrinsic-1.1.3.tgz}
    name: get-intrinsic
    version: 1.1.3
    dependencies:
      function-bind: registry.npmmirror.com/function-bind/1.1.1
      has: registry.npmmirror.com/has/1.0.3
      has-symbols: registry.npmmirror.com/has-symbols/1.0.3
    dev: false

  registry.npmmirror.com/has-symbols/1.0.3:
    resolution: {integrity: sha512-l3LCuF6MgDNwTDKkdYGEihYjt5pRPbEg46rtlmnSPlUbgmB8LOIrKJbYYFBSbnPaJexMKtiPO8hmeRjRz2Td+A==, registry: https://packages.aliyun.com/6065355e32fceefde379c17e/npm/npm-registry/, tarball: https://registry.npmmirror.com/has-symbols/-/has-symbols-1.0.3.tgz}
    name: has-symbols
    version: 1.0.3
    engines: {node: '>= 0.4'}
    dev: false

  registry.npmmirror.com/has/1.0.3:
    resolution: {integrity: sha512-f2dvO0VU6Oej7RkWJGrehjbzMAjFp5/VKPp5tTpWIV4JHHZK1/BxbFRtf/siA2SWTe09caDmVtYYzWEIbBS4zw==, registry: https://packages.aliyun.com/6065355e32fceefde379c17e/npm/npm-registry/, tarball: https://registry.npmmirror.com/has/-/has-1.0.3.tgz}
    name: has
    version: 1.0.3
    engines: {node: '>= 0.4.0'}
    dependencies:
      function-bind: registry.npmmirror.com/function-bind/1.1.1
    dev: false

  registry.npmmirror.com/http-errors/2.0.0:
    resolution: {integrity: sha512-FtwrG/euBzaEjYeRqOgly7G0qviiXoJWnvEH2Z1plBdXgbyjv34pHTSb9zoeHMyDy33+DWy5Wt9Wo+TURtOYSQ==, registry: https://packages.aliyun.com/6065355e32fceefde379c17e/npm/npm-registry/, tarball: https://registry.npmmirror.com/http-errors/-/http-errors-2.0.0.tgz}
    name: http-errors
    version: 2.0.0
    engines: {node: '>= 0.8'}
    dependencies:
      depd: registry.npmmirror.com/depd/2.0.0
      inherits: registry.npmmirror.com/inherits/2.0.4
      setprototypeof: registry.npmmirror.com/setprototypeof/1.2.0
      statuses: registry.npmmirror.com/statuses/2.0.1
      toidentifier: registry.npmmirror.com/toidentifier/1.0.1
    dev: false

  registry.npmmirror.com/iconv-lite/0.4.24:
    resolution: {integrity: sha512-v3MXnZAcvnywkTUEZomIActle7RXXeedOR31wwl7VlyoXO4Qi9arvSenNQWne1TcRwhCL1HwLI21bEqdpj8/rA==, registry: https://packages.aliyun.com/6065355e32fceefde379c17e/npm/npm-registry/, tarball: https://registry.npmmirror.com/iconv-lite/-/iconv-lite-0.4.24.tgz}
    name: iconv-lite
    version: 0.4.24
    engines: {node: '>=0.10.0'}
    dependencies:
      safer-buffer: registry.npmmirror.com/safer-buffer/2.1.2
    dev: false

  registry.npmmirror.com/inherits/2.0.4:
    resolution: {integrity: sha512-k/vGaX4/Yla3WzyMCvTQOXYeIHvqOKtnqBduzTHpzpQZzAskKMhZ2K+EnBiSM9zGSoIFeMpXKxa4dYeZIQqewQ==, registry: https://packages.aliyun.com/6065355e32fceefde379c17e/npm/npm-registry/, tarball: https://registry.npmmirror.com/inherits/-/inherits-2.0.4.tgz}
    name: inherits
    version: 2.0.4
    dev: false

  registry.npmmirror.com/ipaddr.js/1.9.1:
    resolution: {integrity: sha512-0KI/607xoxSToH7GjN1FfSbLoU0+btTicjsQSWQlh/hZykN8KpmMf7uYwPW3R+akZ6R/w18ZlXSHBYXiYUPO3g==, registry: https://packages.aliyun.com/6065355e32fceefde379c17e/npm/npm-registry/, tarball: https://registry.npmmirror.com/ipaddr.js/-/ipaddr.js-1.9.1.tgz}
    name: ipaddr.js
    version: 1.9.1
    engines: {node: '>= 0.10'}
    dev: false

  registry.npmmirror.com/media-typer/0.3.0:
    resolution: {integrity: sha512-dq+qelQ9akHpcOl/gUVRTxVIOkAJ1wR3QAvb4RsVjS8oVoFjDGTc679wJYmUmknUF5HwMLOgb5O+a3KxfWapPQ==, registry: https://packages.aliyun.com/6065355e32fceefde379c17e/npm/npm-registry/, tarball: https://registry.npmmirror.com/media-typer/-/media-typer-0.3.0.tgz}
    name: media-typer
    version: 0.3.0
    engines: {node: '>= 0.6'}
    dev: false

  registry.npmmirror.com/merge-descriptors/1.0.1:
    resolution: {integrity: sha512-cCi6g3/Zr1iqQi6ySbseM1Xvooa98N0w31jzUYrXPX2xqObmFGHJ0tQ5u74H3mVh7wLouTseZyYIq39g8cNp1w==, registry: https://packages.aliyun.com/6065355e32fceefde379c17e/npm/npm-registry/, tarball: https://registry.npmmirror.com/merge-descriptors/-/merge-descriptors-1.0.1.tgz}
    name: merge-descriptors
    version: 1.0.1
    dev: false

  registry.npmmirror.com/methods/1.1.2:
    resolution: {integrity: sha512-iclAHeNqNm68zFtnZ0e+1L2yUIdvzNoauKU4WBA3VvH/vPFieF7qfRlwUZU+DA9P9bPXIS90ulxoUoCH23sV2w==, registry: https://packages.aliyun.com/6065355e32fceefde379c17e/npm/npm-registry/, tarball: https://registry.npmmirror.com/methods/-/methods-1.1.2.tgz}
    name: methods
    version: 1.1.2
    engines: {node: '>= 0.6'}
    dev: false

  registry.npmmirror.com/mime-db/1.52.0:
    resolution: {integrity: sha512-sPU4uV7dYlvtWJxwwxHD0PuihVNiE7TyAbQ5SWxDCB9mUYvOgroQOwYQQOKPJ8CIbE+1ETVlOoK1UC2nU3gYvg==, registry: https://packages.aliyun.com/6065355e32fceefde379c17e/npm/npm-registry/, tarball: https://registry.npmmirror.com/mime-db/-/mime-db-1.52.0.tgz}
    name: mime-db
    version: 1.52.0
    engines: {node: '>= 0.6'}
    dev: false

  registry.npmmirror.com/mime-types/2.1.35:
    resolution: {integrity: sha512-ZDY+bPm5zTTF+YpCrAU9nK0UgICYPT0QtT1NZWFv4s++TNkcgVaT0g6+4R2uI4MjQjzysHB1zxuWL50hzaeXiw==, registry: https://packages.aliyun.com/6065355e32fceefde379c17e/npm/npm-registry/, tarball: https://registry.npmmirror.com/mime-types/-/mime-types-2.1.35.tgz}
    name: mime-types
    version: 2.1.35
    engines: {node: '>= 0.6'}
    dependencies:
      mime-db: registry.npmmirror.com/mime-db/1.52.0
    dev: false

  registry.npmmirror.com/mime/1.6.0:
    resolution: {integrity: sha512-x0Vn8spI+wuJ1O6S7gnbaQg8Pxh4NNHb7KSINmEWKiPE4RKOplvijn+NkmYmmRgP68mc70j2EbeTFRsrswaQeg==, registry: https://packages.aliyun.com/6065355e32fceefde379c17e/npm/npm-registry/, tarball: https://registry.npmmirror.com/mime/-/mime-1.6.0.tgz}
    name: mime
    version: 1.6.0
    engines: {node: '>=4'}
    hasBin: true
    dev: false

  registry.npmmirror.com/mkdirp/1.0.4:
    resolution: {integrity: sha512-vVqVZQyf3WLx2Shd0qJ9xuvqgAyKPLAiqITEtqW0oIUjzo3PePDd6fW9iFz30ef7Ysp/oiWqbhszeGWW2T6Gzw==, registry: https://packages.aliyun.com/6065355e32fceefde379c17e/npm/npm-registry/, tarball: https://registry.npmmirror.com/mkdirp/-/mkdirp-1.0.4.tgz}
    name: mkdirp
    version: 1.0.4
    engines: {node: '>=10'}
    hasBin: true
    dev: false

  registry.npmmirror.com/ms/2.0.0:
    resolution: {integrity: sha512-Tpp60P6IUJDTuOq/5Z8cdskzJujfwqfOTkrwIwj7IRISpnkJnT6SyJ4PCPnGMoFjC9ddhal5KVIYtAt97ix05A==, registry: https://packages.aliyun.com/6065355e32fceefde379c17e/npm/npm-registry/, tarball: https://registry.npmmirror.com/ms/-/ms-2.0.0.tgz}
    name: ms
    version: 2.0.0
    dev: false

  registry.npmmirror.com/ms/2.1.3:
    resolution: {integrity: sha512-6FlzubTLZG3J2a/NVCAleEhjzq5oxgHyaCU9yYXvcLsvoVaHJq/s5xXI6/XXP6tz7R9xAOtHnSO/tXtF3WRTlA==, registry: https://packages.aliyun.com/6065355e32fceefde379c17e/npm/npm-registry/, tarball: https://registry.npmmirror.com/ms/-/ms-2.1.3.tgz}
    name: ms
    version: 2.1.3
    dev: false

  registry.npmmirror.com/negotiator/0.6.3:
    resolution: {integrity: sha512-+EUsqGPLsM+j/zdChZjsnX51g4XrHFOIXwfnCVPGlQk/k5giakcKsuxCObBRu6DSm9opw/O6slWbJdghQM4bBg==, registry: https://packages.aliyun.com/6065355e32fceefde379c17e/npm/npm-registry/, tarball: https://registry.npmmirror.com/negotiator/-/negotiator-0.6.3.tgz}
    name: negotiator
    version: 0.6.3
    engines: {node: '>= 0.6'}
    dev: false

  registry.npmmirror.com/object-inspect/1.12.2:
    resolution: {integrity: sha512-z+cPxW0QGUp0mcqcsgQyLVRDoXFQbXOwBaqyF7VIgI4TWNQsDHrBpUQslRmIfAoYWdYzs6UlKJtB2XJpTaNSpQ==, registry: https://packages.aliyun.com/6065355e32fceefde379c17e/npm/npm-registry/, tarball: https://registry.npmmirror.com/object-inspect/-/object-inspect-1.12.2.tgz}
    name: object-inspect
    version: 1.12.2
    dev: false

  registry.npmmirror.com/on-finished/2.4.1:
    resolution: {integrity: sha512-oVlzkg3ENAhCk2zdv7IJwd/QUD4z2RxRwpkcGY8psCVcCYZNq4wYnVWALHM+brtuJjePWiYF/ClmuDr8Ch5+kg==, registry: https://packages.aliyun.com/6065355e32fceefde379c17e/npm/npm-registry/, tarball: https://registry.npmmirror.com/on-finished/-/on-finished-2.4.1.tgz}
    name: on-finished
    version: 2.4.1
    engines: {node: '>= 0.8'}
    dependencies:
      ee-first: registry.npmmirror.com/ee-first/1.1.1
    dev: false

  registry.npmmirror.com/parseurl/1.3.3:
    resolution: {integrity: sha512-CiyeOxFT/JZyN5m0z9PfXw4SCBJ6Sygz1Dpl0wqjlhDEGGBP1GnsUVEL0p63hoG1fcj3fHynXi9NYO4nWOL+qQ==, registry: https://packages.aliyun.com/6065355e32fceefde379c17e/npm/npm-registry/, tarball: https://registry.npmmirror.com/parseurl/-/parseurl-1.3.3.tgz}
    name: parseurl
    version: 1.3.3
    engines: {node: '>= 0.8'}
    dev: false

  registry.npmmirror.com/path-to-regexp/0.1.7:
    resolution: {integrity: sha512-5DFkuoqlv1uYQKxy8omFBeJPQcdoE07Kv2sferDCrAq1ohOU+MSDswDIbnx3YAM60qIOnYa53wBhXW0EbMonrQ==, registry: https://packages.aliyun.com/6065355e32fceefde379c17e/npm/npm-registry/, tarball: https://registry.npmmirror.com/path-to-regexp/-/path-to-regexp-0.1.7.tgz}
    name: path-to-regexp
    version: 0.1.7
    dev: false

  registry.npmmirror.com/prettier/2.7.1:
    resolution: {integrity: sha512-ujppO+MkdPqoVINuDFDRLClm7D78qbDt0/NR+wp5FqEZOoTNAjPHWj17QRhu7geIHJfcNhRk1XVQmF8Bp3ye+g==, registry: https://packages.aliyun.com/6065355e32fceefde379c17e/npm/npm-registry/, tarball: https://registry.npmmirror.com/prettier/-/prettier-2.7.1.tgz}
    name: prettier
    version: 2.7.1
    engines: {node: '>=10.13.0'}
    hasBin: true
    dev: true

  registry.npmmirror.com/proxy-addr/2.0.7:
    resolution: {integrity: sha512-llQsMLSUDUPT44jdrU/O37qlnifitDP+ZwrmmZcoSKyLKvtZxpyV0n2/bD/N4tBAAZ/gJEdZU7KMraoK1+XYAg==, registry: https://packages.aliyun.com/6065355e32fceefde379c17e/npm/npm-registry/, tarball: https://registry.npmmirror.com/proxy-addr/-/proxy-addr-2.0.7.tgz}
    name: proxy-addr
    version: 2.0.7
    engines: {node: '>= 0.10'}
    dependencies:
      forwarded: registry.npmmirror.com/forwarded/0.2.0
      ipaddr.js: registry.npmmirror.com/ipaddr.js/1.9.1
    dev: false

  registry.npmmirror.com/qs/6.11.0:
    resolution: {integrity: sha512-MvjoMCJwEarSbUYk5O+nmoSzSutSsTwF85zcHPQ9OrlFoZOYIjaqBAJIqIXjptyD5vThxGq52Xu/MaJzRkIk4Q==, registry: https://packages.aliyun.com/6065355e32fceefde379c17e/npm/npm-registry/, tarball: https://registry.npmmirror.com/qs/-/qs-6.11.0.tgz}
    name: qs
    version: 6.11.0
    engines: {node: '>=0.6'}
    dependencies:
      side-channel: registry.npmmirror.com/side-channel/1.0.4
    dev: false

  registry.npmmirror.com/range-parser/1.2.1:
    resolution: {integrity: sha512-Hrgsx+orqoygnmhFbKaHE6c296J+HTAQXoxEF6gNupROmmGJRoyzfG3ccAveqCBrwr/2yxQ5BVd/GTl5agOwSg==, registry: https://packages.aliyun.com/6065355e32fceefde379c17e/npm/npm-registry/, tarball: https://registry.npmmirror.com/range-parser/-/range-parser-1.2.1.tgz}
    name: range-parser
    version: 1.2.1
    engines: {node: '>= 0.6'}
    dev: false

  registry.npmmirror.com/raw-body/2.5.1:
    resolution: {integrity: sha512-qqJBtEyVgS0ZmPGdCFPWJ3FreoqvG4MVQln/kCgF7Olq95IbOp0/BWyMwbdtn4VTvkM8Y7khCQ2Xgk/tcrCXig==, registry: https://packages.aliyun.com/6065355e32fceefde379c17e/npm/npm-registry/, tarball: https://registry.npmmirror.com/raw-body/-/raw-body-2.5.1.tgz}
    name: raw-body
    version: 2.5.1
    engines: {node: '>= 0.8'}
    dependencies:
      bytes: registry.npmmirror.com/bytes/3.1.2
      http-errors: registry.npmmirror.com/http-errors/2.0.0
      iconv-lite: registry.npmmirror.com/iconv-lite/0.4.24
      unpipe: registry.npmmirror.com/unpipe/1.0.0
    dev: false

  registry.npmmirror.com/safe-buffer/5.2.1:
    resolution: {integrity: sha512-rp3So07KcdmmKbGvgaNxQSJr7bGVSVk5S9Eq1F+ppbRo70+YeaDxkw5Dd8NPN+GD6bjnYm2VuPuCXmpuYvmCXQ==, registry: https://packages.aliyun.com/6065355e32fceefde379c17e/npm/npm-registry/, tarball: https://registry.npmmirror.com/safe-buffer/-/safe-buffer-5.2.1.tgz}
    name: safe-buffer
    version: 5.2.1
    dev: false

  registry.npmmirror.com/safer-buffer/2.1.2:
    resolution: {integrity: sha512-YZo3K82SD7Riyi0E1EQPojLz7kpepnSQI9IyPbHHg1XXXevb5dJI7tpyN2ADxGcQbHG7vcyRHk0cbwqcQriUtg==, registry: https://packages.aliyun.com/6065355e32fceefde379c17e/npm/npm-registry/, tarball: https://registry.npmmirror.com/safer-buffer/-/safer-buffer-2.1.2.tgz}
    name: safer-buffer
    version: 2.1.2
    dev: false

  registry.npmmirror.com/send/0.18.0:
    resolution: {integrity: sha512-qqWzuOjSFOuqPjFe4NOsMLafToQQwBSOEpS+FwEt3A2V3vKubTquT3vmLTQpFgMXp8AlFWFuP1qKaJZOtPpVXg==, registry: https://packages.aliyun.com/6065355e32fceefde379c17e/npm/npm-registry/, tarball: https://registry.npmmirror.com/send/-/send-0.18.0.tgz}
    name: send
    version: 0.18.0
    engines: {node: '>= 0.8.0'}
    dependencies:
      debug: registry.npmmirror.com/debug/2.6.9
      depd: registry.npmmirror.com/depd/2.0.0
      destroy: registry.npmmirror.com/destroy/1.2.0
      encodeurl: registry.npmmirror.com/encodeurl/1.0.2
      escape-html: registry.npmmirror.com/escape-html/1.0.3
      etag: registry.npmmirror.com/etag/1.8.1
      fresh: registry.npmmirror.com/fresh/0.5.2
      http-errors: registry.npmmirror.com/http-errors/2.0.0
      mime: registry.npmmirror.com/mime/1.6.0
      ms: registry.npmmirror.com/ms/2.1.3
      on-finished: registry.npmmirror.com/on-finished/2.4.1
      range-parser: registry.npmmirror.com/range-parser/1.2.1
      statuses: registry.npmmirror.com/statuses/2.0.1
    transitivePeerDependencies:
      - supports-color
    dev: false

  registry.npmmirror.com/serve-static/1.15.0:
    resolution: {integrity: sha512-XGuRDNjXUijsUL0vl6nSD7cwURuzEgglbOaFuZM9g3kwDXOWVTck0jLzjPzGD+TazWbboZYu52/9/XPdUgne9g==, registry: https://packages.aliyun.com/6065355e32fceefde379c17e/npm/npm-registry/, tarball: https://registry.npmmirror.com/serve-static/-/serve-static-1.15.0.tgz}
    name: serve-static
    version: 1.15.0
    engines: {node: '>= 0.8.0'}
    dependencies:
      encodeurl: registry.npmmirror.com/encodeurl/1.0.2
      escape-html: registry.npmmirror.com/escape-html/1.0.3
      parseurl: registry.npmmirror.com/parseurl/1.3.3
      send: registry.npmmirror.com/send/0.18.0
    transitivePeerDependencies:
      - supports-color
    dev: false

  registry.npmmirror.com/setprototypeof/1.2.0:
    resolution: {integrity: sha512-E5LDX7Wrp85Kil5bhZv46j8jOeboKq5JMmYM3gVGdGH8xFpPWXUMsNrlODCrkoxMEeNi/XZIwuRvY4XNwYMJpw==, registry: https://packages.aliyun.com/6065355e32fceefde379c17e/npm/npm-registry/, tarball: https://registry.npmmirror.com/setprototypeof/-/setprototypeof-1.2.0.tgz}
    name: setprototypeof
    version: 1.2.0
    dev: false

  registry.npmmirror.com/side-channel/1.0.4:
    resolution: {integrity: sha512-q5XPytqFEIKHkGdiMIrY10mvLRvnQh42/+GoBlFW3b2LXLE2xxJpZFdm94we0BaoV3RwJyGqg5wS7epxTv0Zvw==, registry: https://packages.aliyun.com/6065355e32fceefde379c17e/npm/npm-registry/, tarball: https://registry.npmmirror.com/side-channel/-/side-channel-1.0.4.tgz}
    name: side-channel
    version: 1.0.4
    dependencies:
      call-bind: registry.npmmirror.com/call-bind/1.0.2
      get-intrinsic: registry.npmmirror.com/get-intrinsic/1.1.3
      object-inspect: registry.npmmirror.com/object-inspect/1.12.2
    dev: false

  registry.npmmirror.com/statuses/2.0.1:
    resolution: {integrity: sha512-RwNA9Z/7PrK06rYLIzFMlaF+l73iwpzsqRIFgbMLbTcLD6cOao82TaWefPXQvB2fOC4AjuYSEndS7N/mTCbkdQ==, registry: https://packages.aliyun.com/6065355e32fceefde379c17e/npm/npm-registry/, tarball: https://registry.npmmirror.com/statuses/-/statuses-2.0.1.tgz}
    name: statuses
    version: 2.0.1
    engines: {node: '>= 0.8'}
    dev: false

  registry.npmmirror.com/strnum/1.0.5:
    resolution: {integrity: sha512-J8bbNyKKXl5qYcR36TIO8W3mVGVHrmmxsd5PAItGkmyzwJvybiw2IVq5nqd0i4LSNSkB/sx9VHllbfFdr9k1JA==, registry: https://packages.aliyun.com/6065355e32fceefde379c17e/npm/npm-registry/, tarball: https://registry.npmmirror.com/strnum/-/strnum-1.0.5.tgz}
    name: strnum
    version: 1.0.5
    dev: false

  registry.npmmirror.com/tinytim/0.1.1:
    resolution: {integrity: sha512-NIpsp9lBIxPNzB++HnMmUd4byzJSVbbO4F+As1Gb1IG/YQT5QvmBDjpx8SpDS8fhGC+t+Qw8ldQgbcAIaU+2cA==, registry: https://packages.aliyun.com/6065355e32fceefde379c17e/npm/npm-registry/, tarball: https://registry.npmmirror.com/tinytim/-/tinytim-0.1.1.tgz}
    name: tinytim
    version: 0.1.1
    engines: {node: '>= 0.2.0'}
    dev: false

  registry.npmmirror.com/toidentifier/1.0.1:
    resolution: {integrity: sha512-o5sSPKEkg/DIQNmH43V0/uerLrpzVedkUh8tGNvaeXpfpuwjKenlSox/2O/BTlZUtEe+JG7s5YhEz608PlAHRA==, registry: https://packages.aliyun.com/6065355e32fceefde379c17e/npm/npm-registry/, tarball: https://registry.npmmirror.com/toidentifier/-/toidentifier-1.0.1.tgz}
    name: toidentifier
    version: 1.0.1
    engines: {node: '>=0.6'}
    dev: false

  registry.npmmirror.com/tracer/1.1.6:
    resolution: {integrity: sha512-VKEIQRNgzSgti18whs+8l7e2y/gWcklw+C/xZtFH/AGvaN6GDlvhkQTFEsy448Gxb5MtbNbzJiG0L1TJEQnqcA==, registry: https://packages.aliyun.com/6065355e32fceefde379c17e/npm/npm-registry/, tarball: https://registry.npmmirror.com/tracer/-/tracer-1.1.6.tgz}
    name: tracer
    version: 1.1.6
    engines: {node: '>= 0.10.0'}
    dependencies:
      colors: registry.npmmirror.com/colors/1.4.0
      dateformat: registry.npmmirror.com/dateformat/4.5.1
      mkdirp: registry.npmmirror.com/mkdirp/1.0.4
      tinytim: registry.npmmirror.com/tinytim/0.1.1
    dev: false

  registry.npmmirror.com/type-is/1.6.18:
    resolution: {integrity: sha512-TkRKr9sUTxEH8MdfuCSP7VizJyzRNMjj2J2do2Jr3Kym598JVdEksuzPQCnlFPW4ky9Q+iA+ma9BGm06XQBy8g==, registry: https://packages.aliyun.com/6065355e32fceefde379c17e/npm/npm-registry/, tarball: https://registry.npmmirror.com/type-is/-/type-is-1.6.18.tgz}
    name: type-is
    version: 1.6.18
    engines: {node: '>= 0.6'}
    dependencies:
      media-typer: registry.npmmirror.com/media-typer/0.3.0
      mime-types: registry.npmmirror.com/mime-types/2.1.35
    dev: false

  registry.npmmirror.com/typescript/4.8.4:
    resolution: {integrity: sha512-QCh+85mCy+h0IGff8r5XWzOVSbBO+KfeYrMQh7NJ58QujwcE22u+NUSmUxqF+un70P9GXKxa2HCNiTTMJknyjQ==, registry: https://packages.aliyun.com/6065355e32fceefde379c17e/npm/npm-registry/, tarball: https://registry.npmmirror.com/typescript/-/typescript-4.8.4.tgz}
    name: typescript
    version: 4.8.4
    engines: {node: '>=4.2.0'}
    hasBin: true
    dev: true

  registry.npmmirror.com/unpipe/1.0.0:
    resolution: {integrity: sha512-pjy2bYhSsufwWlKwPc+l3cN7+wuJlK6uz0YdJEOlQDbl6jo/YlPi4mb8agUkVC8BF7V8NuzeyPNqRksA3hztKQ==, registry: https://packages.aliyun.com/6065355e32fceefde379c17e/npm/npm-registry/, tarball: https://registry.npmmirror.com/unpipe/-/unpipe-1.0.0.tgz}
    name: unpipe
    version: 1.0.0
    engines: {node: '>= 0.8'}
    dev: false

  registry.npmmirror.com/utils-merge/1.0.1:
    resolution: {integrity: sha512-pMZTvIkT1d+TFGvDOqodOclx0QWkkgi6Tdoa8gC8ffGAAqz9pzPTZWAybbsHHoED/ztMtkv/VoYTYyShUn81hA==, registry: https://packages.aliyun.com/6065355e32fceefde379c17e/npm/npm-registry/, tarball: https://registry.npmmirror.com/utils-merge/-/utils-merge-1.0.1.tgz}
    name: utils-merge
    version: 1.0.1
    engines: {node: '>= 0.4.0'}
    dev: false

  registry.npmmirror.com/vary/1.1.2:
    resolution: {integrity: sha512-BNGbWLfd0eUPabhkXUVm0j8uuvREyTh5ovRa/dyow/BqAbZJyC+5fU+IzQOzmAKzYqYRAISoRhdQr3eIZ/PXqg==, registry: https://packages.aliyun.com/6065355e32fceefde379c17e/npm/npm-registry/, tarball: https://registry.npmmirror.com/vary/-/vary-1.1.2.tgz}
    name: vary
    version: 1.1.2
    engines: {node: '>= 0.8'}
    dev: false
